version = 1
revision = 3
requires-python = ">=3.14"
resolution-markers = [
    "sys_platform == 'win32'",
    "sys_platform == 'emscripten'",
    "sys_platform != 'emscripten' and sys_platform != 'win32'",
]

[[package]]
name = "homeworks-2026"
version = "0.1.0"
source = { virtual = "." }
dependencies = [
    { name = "numpy" },
    { name = "pandas" },
]

[package.metadata]
requires-dist = [
    { name = "numpy", specifier = "==2.3.3" },
    { name = "pandas", specifier = ">=3.0.6" },
]

[[package]]
name = "numpy"
version = "2.3.3"
source = { registry = "https://pypi.org/simple" }
sdist = { url = "https://files.pythonhosted.org/packages/d0/19/95b3d357407220ed24c139018d2518fab0a61a948e68286a25f1a4d049ff/numpy-2.3.3.tar.gz", hash = "sha256:ddc7c39727ba62b80dfdbedf400d1c10ddfa8eefbd7ec8dcb118be8b56d31029", size = 20576648, upload-time = "2025-09-09T16:54:12.543Z" }
wheels = [
    { url = "https://files.pythonhosted.org/packages/6b/01/342ad585ad82419b99bcf7cebe99e61da6bedb89e213c5fd71acc467faee/numpy-2.3.3-cp314-cp314-macosx_10_13_x86_64.whl", hash = "sha256:cd052f1fa6a78dee696b58a914b7229ecfa41f0a6d96dc663c1220a55e137593", size = 20951527, upload-time = "2025-09-09T15:57:52.006Z" },
    { url = "https://files.pythonhosted.org/packages/ef/d8/204e0d73fc1b7a9ee80ab1fe1983dd33a4d64a4e30a05364b0208e9a241a/numpy-2.3.3-cp314-cp314-macosx_11_0_arm64.whl", hash = "sha256:414a97499480067d305fcac9716c29cf4d0d76db6ebf0bf3cbce666677f12652", size = 14186159, upload-time = "2025-09-09T15:57:54.407Z" },
    { url = "https://files.pythonhosted.org/packages/22/af/f11c916d08f3a18fb8ba81ab72b5b74a6e42ead4c2846d270eb19845bf74/numpy-2.3.3-cp314-cp314-macosx_14_0_arm64.whl", hash = "sha256:50a5fe69f135f88a2be9b6ca0481a68a136f6febe1916e4920e12f1a34e708a7", size = 5114624, upload-time = "2025-09-09T15:57:56.5Z" },
    { url = "https://files.pythonhosted.org/packages/fb/11/0ed919c8381ac9d2ffacd63fd1f0c34d27e99cab650f0eb6f110e6ae4858/numpy-2.3.3-cp314-cp314-macosx_14_0_x86_64.whl", hash = "sha256:b912f2ed2b67a129e6a601e9d93d4fa37bef67e54cac442a2f588a54afe5c67a", size = 6642627, upload-time = "2025-09-09T15:57:58.206Z" },
    { url = "https://files.pythonhosted.org/packages/ee/83/deb5f77cb0f7ba6cb52b91ed388b47f8f3c2e9930d4665c600408d9b90b9/numpy-2.3.3-cp314-cp314-manylinux_2_27_aarch64.manylinux_2_28_aarch64.whl", hash = "sha256:9e318ee0596d76d4cb3d78535dc005fa60e5ea348cd131a51e99d0bdbe0b54fe", size = 14296926, upload-time = "2025-09-09T15:58:00.035Z" },
    { url = "https://files.pythonhosted.org/packages/77/cc/70e59dcb84f2b005d4f306310ff0a892518cc0c8000a33d0e6faf7ca8d80/numpy-2.3.3-cp314-cp314-manylinux_2_27_x86_64.manylinux_2_28_x86_64.whl", hash = "sha256:ce020080e4a52426202bdb6f7691c65bb55e49f261f31a8f506c9f6bc7450421", size = 16638958, upload-time = "2025-09-09T15:58:02.738Z" },
    { url = "https://files.pythonhosted.org/packages/b6/5a/b2ab6c18b4257e099587d5b7f903317bd7115333ad8d4ec4874278eafa61/numpy-2.3.3-cp314-cp314-musllinux_1_2_aarch64.whl", hash = "sha256:e6687dc183aa55dae4a705b35f9c0f8cb178bcaa2f029b241ac5356221d5c021", size = 16071920, upload-time = "2025-09-09T15:58:05.029Z" },
    { url = "https://files.pythonhosted.org/packages/b8/f1/8b3fdc44324a259298520dd82147ff648979bed085feeacc1250ef1656c0/numpy-2.3.3-cp314-cp314-musllinux_1_2_x86_64.whl", hash = "sha256:d8f3b1080782469fdc1718c4ed1d22549b5fb12af0d57d35e992158a772a37cf", size = 18577076, upload-time = "2025-09-09T15:58:07.745Z" },
    { url = "https://files.pythonhosted.org/packages/f0/a1/b87a284fb15a42e9274e7fcea0dad259d12ddbf07c1595b26883151ca3b4/numpy-2.3.3-cp314-cp314-win32.whl", hash = "sha256:cb248499b0bc3be66ebd6578b83e5acacf1d6cb2a77f2248ce0e40fbec5a76d0", size = 6366952, upload-time = "2025-09-09T15:58:10.096Z" },
    { url = "https://files.pythonhosted.org/packages/70/5f/1816f4d08f3b8f66576d8433a66f8fa35a5acfb3bbd0bf6c31183b003f3d/numpy-2.3.3-cp314-cp314-win_amd64.whl", hash = "sha256:691808c2b26b0f002a032c73255d0bd89751425f379f7bcd22d140db593a96e8", size = 12919322, upload-time = "2025-09-09T15:58:12.138Z" },
    { url = "https://files.pythonhosted.org/packages/8c/de/072420342e46a8ea41c324a555fa90fcc11637583fb8df722936aed1736d/numpy-2.3.3-cp314-cp314-win_arm64.whl", hash = "sha256:9ad12e976ca7b10f1774b03615a2a4bab8addce37ecc77394d8e986927dc0dfe", size = 10478630, upload-time = "2025-09-09T15:58:14.64Z" },
    { url = "https://files.pythonhosted.org/packages/d5/df/ee2f1c0a9de7347f14da5dd3cd3c3b034d1b8607ccb6883d7dd5c035d631/numpy-2.3.3-cp314-cp314t-macosx_10_13_x86_64.whl", hash = "sha256:9cc48e09feb11e1db00b320e9d30a4151f7369afb96bd0e48d942d09da3a0d00", size = 21047987, upload-time = "2025-09-09T15:58:16.889Z" },
    { url = "https://files.pythonhosted.org/packages/d6/92/9453bdc5a4e9e69cf4358463f25e8260e2ffc126d52e10038b9077815989/numpy-2.3.3-cp314-cp314t-macosx_11_0_arm64.whl", hash = "sha256:901bf6123879b7f251d3631967fd574690734236075082078e0571977c6a8e6a", size = 14301076, upload-time = "2025-09-09T15:58:20.343Z" },
    { url = "https://files.pythonhosted.org/packages/13/77/1447b9eb500f028bb44253105bd67534af60499588a5149a94f18f2ca917/numpy-2.3.3-cp314-cp314t-macosx_14_0_arm64.whl", hash = "sha256:7f025652034199c301049296b59fa7d52c7e625017cae4c75d8662e377bf487d", size = 5229491, upload-time = "2025-09-09T15:58:22.481Z" },
    { url = "https://files.pythonhosted.org/packages/3d/f9/d72221b6ca205f9736cb4b2ce3b002f6e45cd67cd6a6d1c8af11a2f0b649/numpy-2.3.3-cp314-cp314t-macosx_14_0_x86_64.whl", hash = "sha256:533ca5f6d325c80b6007d4d7fb1984c303553534191024ec6a524a4c92a5935a", size = 6737913, upload-time = "2025-09-09T15:58:24.569Z" },
    { url = "https://files.pythonhosted.org/packages/3c/5f/d12834711962ad9c46af72f79bb31e73e416ee49d17f4c797f72c96b6ca5/numpy-2.3.3-cp314-cp314t-manylinux_2_27_aarch64.manylinux_2_28_aarch64.whl", hash = "sha256:0edd58682a399824633b66885d699d7de982800053acf20be1eaa46d92009c54", size = 14352811, upload-time = "2025-09-09T15:58:26.416Z" },
    { url = "https://files.pythonhosted.org/packages/a1/0d/fdbec6629d97fd1bebed56cd742884e4eead593611bbe1abc3eb40d304b2/numpy-2.3.3-cp314-cp314t-manylinux_2_27_x86_64.manylinux_2_28_x86_64.whl", hash = "sha256:367ad5d8fbec5d9296d18478804a530f1191e24ab4d75ab408346ae88045d25e", size = 16702689, upload-time = "2025-09-09T15:58:28.831Z" },
    { url = "https://files.pythonhosted.org/packages/9b/09/0a35196dc5575adde1eb97ddfbc3e1687a814f905377621d18ca9bc2b7dd/numpy-2.3.3-cp314-cp314t-musllinux_1_2_aarch64.whl", hash = "sha256:8f6ac61a217437946a1fa48d24c47c91a0c4f725237871117dea264982128097", size = 16133855, upload-time = "2025-09-09T15:58:31.349Z" },
    { url = "https://files.pythonhosted.org/packages/7a/ca/c9de3ea397d576f1b6753eaa906d4cdef1bf97589a6d9825a349b4729cc2/numpy-2.3.3-cp314-cp314t-musllinux_1_2_x86_64.whl", hash = "sha256:179a42101b845a816d464b6fe9a845dfaf308fdfc7925387195570789bb2c970", size = 18652520, upload-time = "2025-09-09T15:58:33.762Z" },
    { url = "https://files.pythonhosted.org/packages/fd/c2/e5ed830e08cd0196351db55db82f65bc0ab05da6ef2b72a836dcf1936d2f/numpy-2.3.3-cp314-cp314t-win32.whl", hash = "sha256:1250c5d3d2562ec4174bce2e3a1523041595f9b651065e4a4473f5f48a6bc8a5", size = 6515371, upload-time = "2025-09-09T15:58:36.04Z" },
    { url = "https://files.pythonhosted.org/packages/47/c7/b0f6b5b67f6788a0725f744496badbb604d226bf233ba716683ebb47b570/numpy-2.3.3-cp314-cp314t-win_amd64.whl", hash = "sha256:b37a0b2e5935409daebe82c1e42274d30d9dd355852529eab91dab8dcca7419f", size = 13112576, upload-time = "2025-09-09T15:58:37.927Z" },
    { url = "https://files.pythonhosted.org/packages/06/b9/33bba5ff6fb679aa0b1f8a07e853f002a6b04b9394db3069a1270a7784ca/numpy-2.3.3-cp314-cp314t-win_arm64.whl", hash = "sha256:78c9f6560dc7e6b3990e32df7ea1a50bbd0e2a111e05209963f5ddcab7073b0b", size = 10545953, upload-time = "2025-09-09T15:58:40.576Z" },
]

[[package]]
name = "pandas"
version = "3.0.6"
source = { registry = "https://pypi.org/simple" }
dependencies = [
    { name = "numpy" },
    { name = "python-dateutil" },
    { name = "tzdata", marker = "sys_platform == 'emscripten' or sys_platform == 'win32'" },
]
sdist = { url = "https://files.pythonhosted.org/packages/e2/17/d7b106e05bfa642e8694451e7d3d759c6a241c5386a5d962e4f66c047e06/pandas-3.0.6.tar.gz", hash = "sha256:66b07ef7315a31bfe1089cd3d71a7de781c9dca986762d0b4fe7c0ef17465d10", size = 4667686, upload-time = "2026-09-17T23:23:18.345Z" }
wheels = [
    { url = "https://files.pythonhosted.org/packages/75/55/1a8875395b05ccd572cbca0b9255dcd2db6e6508e632a558c1a6884b39ad/pandas-3.0.6-cp314-cp314-macosx_10_15_x86_64.whl", hash = "sha256:ee913a91669056c1de1a6b733fbfeab711de9e54e3bee2dfa5fe79d9457247d1", size = 10492213, upload-time = "2026-09-17T23:21:40.746Z" },
    { url = "https://files.pythonhosted.org/packages/35/61/47ae13476995cc8a40cd609e93e7cf11f273d8692925c2903cb6d38aa0d1/pandas-3.0.6-cp314-cp314-macosx_11_0_arm64.whl", hash = "sha256:ff51a4459ed036e93d1eb1bb5e6e7b28685d3cb6b7c12b91c05b31024e234729", size = 10156618, upload-time = "2026-09-17T23:21:44.142Z" },
    { url = "https://files.pythonhosted.org/packages/bc/f2/cc5f2adb8d6e86a85d9fb5128f8cf205a61189336f70d1f7faf0d1b53ec9/pandas-3.0.6-cp314-cp314-manylinux_2_24_aarch64.manylinux_2_28_aarch64.whl", hash = "sha256:654aae059295dbba6ecd2328ca12712a2cf1676214c8699f1c29213f7ccf9c34", size = 10375479, upload-time = "2026-09-17T23:21:47.159Z" },
    { url = "https://files.pythonhosted.org/packages/ca/ba/ffdcb19be4ff6bfe7d969e7cef2c567c633df5a3a1cc1053394ad053bca8/pandas-3.0.6-cp314-cp314-manylinux_2_24_x86_64.manylinux_2_28_x86_64.whl", hash = "sha256:62f51d7f651c8054c5e82a69265c98082e795d1442df7ca6edc3a545d61214b1", size = 10783244, upload-time = "2026-09-17T23:21:50.367Z" },
    { url = "https://files.pythonhosted.org/packages/77/5b/e150075b2c6eb69fae896f2d9239bc6ed07db97735971d53d66de6553460/pandas-3.0.6-cp314-cp314-musllinux_1_2_aarch64.whl", hash = "sha256:22172a92e7ee678ec0140c7af4fc9366b55413834a1cd86af78b3caa0b0574de", size = 11382223, upload-time = "2026-09-17T23:21:53.355Z" },
    { url = "https://files.pythonhosted.org/packages/d6/8a/b441c587dc7355bf6e1f68a91b4f76a6c29740f0c23be3acc5d4ebbeea6d/pandas-3.0.6-cp314-cp314-musllinux_1_2_x86_64.whl", hash = "sha256:583be68728a31d0d750d5b8d9e00f02b153df0d4655f858bde93cb84cfc4227c", size = 11854881, upload-time = "2026-09-17T23:21:56.342Z" },
    { url = "https://files.pythonhosted.org/packages/b7/e9/f43410fada510b43fec09993c08f552086c3d247d3ee801a678f3cb10ea5/pandas-3.0.6-cp314-cp314-win_amd64.whl", hash = "sha256:77ccbe5057aece6fc172b9b77f19c04335af6882bc2e10c8f3ee4e6bfb3da553", size = 9791672, upload-time = "2026-09-17T23:21:59.332Z" },
    { url = "https://files.pythonhosted.org/packages/8b/9e/db14c059c21f9baa1907d436f8bf30e0c76c6288225c5e8b79a08ba8b2c5/pandas-3.0.6-cp314-cp314-win_arm64.whl", hash = "sha256:fb625f426b375bcc96e3a04c5d5d266cd7be6ae5d6866e0e703382ab5164068c", size = 9121246, upload-time = "2026-09-17T23:22:02.123Z" },
    { url = "https://files.pythonhosted.org/packages/67/ba/bad0f8dac020ab38a8637fddab01a57a82da7a496a6e6f19590aad53ab62/pandas-3.0.6-cp314-cp314t-macosx_10_15_x86_64.whl", hash = "sha256:9e492cd4bdba6778de4fe0df7f4590c012161ebcf9902dce01b01dc683105514", size = 10920612, upload-time = "2026-09-17T23:22:05.404Z" },
    { url = "https://files.pythonhosted.org/packages/c4/a9/b500982e9aac6d52a58da4ad3f11e14168a315b06906b3f397c427878065/pandas-3.0.6-cp314-cp314t-macosx_11_0_arm64.whl", hash = "sha256:d7dcd21238cbb4828ff148481ba01cac8946dc5121457b5aeba28636f8f99a60", size = 10570213, upload-time = "2026-09-17T23:22:08.44Z" },
    { url = "https://files.pythonhosted.org/packages/4b/fa/e6ecd0073c98be8f840ac3125b955272835d7d9fd69f5944383b164deb5e/pandas-3.0.6-cp314-cp314t-manylinux_2_24_aarch64.manylinux_2_28_aarch64.whl", hash = "sha256:6ff482fa91fa2bafd92e8fe66ce3645c851824310f295c1f0a2f96e928fc4541", size = 10252356, upload-time = "2026-09-17T23:22:11.302Z" },
    { url = "https://files.pythonhosted.org/packages/04/f5/001e230a7a7803590d9275a1a3f7e1bb605e3a495cfe5e8d3a532090621b/pandas-3.0.6-cp314-cp314t-manylinux_2_24_x86_64.manylinux_2_28_x86_64.whl", hash = "sha256:db7ec631f26223beee8e5c9e0b8f23c24d8197bbd1d982421d4e3188bea51965", size = 10655952, upload-time = "2026-09-17T23:22:14.283Z" },
    { url = "https://files.pythonhosted.org/packages/ca/ab/bab587148a3852c96aae26c4b5f9e04ce2221801ad94e166b4fbf969ede0/pandas-3.0.6-cp314-cp314t-musllinux_1_2_aarch64.whl", hash = "sha256:bd75ed0c840f709fc2ae26ddd9534ac77ca1a48ac0cce521a74acaa85f3340a7", size = 11274177, upload-time = "2026-09-17T23:22:17.352Z" },
    { url = "https://files.pythonhosted.org/packages/f3/32/74b48d87df2b80892d713c149abfe36d5db4de41b4eccb042a2bc07dafc1/pandas-3.0.6-cp314-cp314t-musllinux_1_2_x86_64.whl", hash = "sha256:ef738d71d1059245b6bb03e312be06d8b3821326a83486c1ad03b9aba3710e44", size = 11719041, upload-time = "2026-09-17T23:22:20.227Z" },
    { url = "https://files.pythonhosted.org/packages/f6/c6/d64b72d64d7eb0fad9fe424d34138e45dee70ddbea1360dcd0adf30e28f6/pandas-3.0.6-cp314-cp314t-win_amd64.whl", hash = "sha256:429d9df32731ab01383ed98f2baa7a60368090d1a94fc06019a12062510e8630", size = 10191388, upload-time = "2026-09-17T23:22:23.524Z" },
    { url = "https://files.pythonhosted.org/packages/7a/30/5e5b2ccabeca73ae2b03fc82bca3eabb7466cf43737f05ac08d591665d47/pandas-3.0.6-cp314-cp314t-win_arm64.whl", hash = "sha256:a4dbd4dc65cbe645b92b8785d0f96dd7311010dc6606cf620e51b07b8788a12a", size = 9387796, upload-time = "2026-09-17T23:22:26.64Z" },
    { url = "https://files.pythonhosted.org/packages/b6/77/47c5fb0be8bdd00116814c2c40d9ec42dbeb943865ef95130fe58a898226/pandas-3.0.6-cp315-cp315-macosx_10_15_x86_64.whl", hash = "sha256:50c44cbf5820b6b91a5f74aae04972472aefadd3cd9fbd1010409d85528bd570", size = 10483960, upload-time = "2026-09-17T23:22:30.071Z" },
    { url = "https://files.pythonhosted.org/packages/09/08/a310cb2fefe6d2b4623ab2150da818d93d4e73e33b58e4d163bb74243c5a/pandas-3.0.6-cp315-cp315-macosx_11_0_arm64.whl", hash = "sha256:eb6900de08ac85f93ac4948aa6b80842eba555875337b8359035ac9c43e92d34", size = 10149432, upload-time = "2026-09-17T23:22:32.818Z" },
    { url = "https://files.pythonhosted.org/packages/54/36/6af478ec3a26d7754555cd62c3101c589c0931b1d85398e4fa5403910a1c/pandas-3.0.6-cp315-cp315-manylinux_2_24_aarch64.manylinux_2_28_aarch64.whl", hash = "sha256:4e25e2e1adee99ddfada6f7206a79ae8e9c8a8861b0e3eaaba165006d3eef18e", size = 10360981, upload-time = "2026-09-17T23:22:35.621Z" },
    { url = "https://files.pythonhosted.org/packages/43/20/5ece0e9cb79a6473216620db6a90546f578001c2bd857b77c444b27acad1/pandas-3.0.6-cp315-cp315-manylinux_2_24_x86_64.manylinux_2_28_x86_64.whl", hash = "sha256:4ff44b2cb51cbd691c91f92c4ea6c71e34003f239ebd67c2e857dc898466b49c", size = 10776585, upload-time = "2026-09-17T23:22:38.427Z" },
    { url = "https://files.pythonhosted.org/packages/2f/b6/cd3038f31ade5e8d2b4e1c9549d4b31e4d598469562f47142b2ad9171c0a/pandas-3.0.6-cp315-cp315-musllinux_1_2_aarch64.whl", hash = "sha256:5edd0a7abb0986ecce1ac81f56d99b6763f86aa6946dceb6c661224f90af5a19", size = 11385249, upload-time = "2026-09-17T23:22:41.18Z" },
    { url = "https://files.pythonhosted.org/packages/0a/87/05bb3003737f80375d7311774916a24d161e2e591abe8c672aed7813defc/pandas-3.0.6-cp315-cp315-musllinux_1_2_x86_64.whl", hash = "sha256:1bcb3e9ed29e74a7439cedff9e2aefd3ea65de84d7de9ccb6c194192541bd60e", size = 11848595, upload-time = "2026-09-17T23:22:44.207Z" },
    { url = "https://files.pythonhosted.org/packages/c0/30/1c0d46acf236d19ef975e9cdd5d1e0dd54924b03f0ed8287096ad4a18152/pandas-3.0.6-cp315-cp315-win_amd64.whl", hash = "sha256:253e12cb9081b0afbac607920f6142975966bc315135e09de275fdbaa415d2de", size = 9783810, upload-time = "2026-09-17T23:22:47.097Z" },
    { url = "https://files.pythonhosted.org/packages/87/03/df3304a9c2833c4810e7f1c887b04105b24731f9deef8b5d5d04522a375b/pandas-3.0.6-cp315-cp315-win_arm64.whl", hash = "sha256:97274c9adf6255bb48c620cd6959805efa7f09ea2167f0e0ae006a448cd2fca7", size = 9116820, upload-time = "2026-09-17T23:22:50.149Z" },
    { url = "https://files.pythonhosted.org/packages/47/25/d5f6cce5efa17c38e4f752a875b4a26d66cfadd529cb8c81672f0376d6a6/pandas-3.0.6-cp315-cp315t-macosx_10_15_x86_64.whl", hash = "sha256:265f562fdd1079f69f3de96dd425c3405224038c0af4f920c54bd240ee2c4640", size = 10894614, upload-time = "2026-09-17T23:22:53.223Z" },
    { url = "https://files.pythonhosted.org/packages/ea/8b/e1876bfdc1df06bafc022d33202b5663bd86c81df2a6140aacafd0344669/pandas-3.0.6-cp315-cp315t-macosx_11_0_arm64.whl", hash = "sha256:c6e4aae3e9bea26c6c9a20d88d96c86ec4a99b4db5fd516bcb4e829ab2c0ee36", size = 10546973, upload-time = "2026-09-17T23:22:56.155Z" },
    { url = "https://files.pythonhosted.org/packages/e9/27/e0a27a5a5c27f7db66657b44def9e93121fd0ad4f0808355b9898fcbf204/pandas-3.0.6-cp315-cp315t-manylinux_2_24_aarch64.manylinux_2_28_aarch64.whl", hash = "sha256:a77a1a44e4d88f1c6a2a64d3eb12efec8420875722e14279800b173a7c7c2804", size = 10239717, upload-time = "2026-09-17T23:22:59.603Z" },
    { url = "https://files.pythonhosted.org/packages/d5/4f/4eadb7d86a921c1e8bc70916cfe601ed667c4169118d17d69958611c21f8/pandas-3.0.6-cp315-cp315t-manylinux_2_24_x86_64.manylinux_2_28_x86_64.whl", hash = "sha256:86fa853a12e0b70927e2b1ee00d56d2224ec9cbb4b9d58348b5ad52d2f21150e", size = 10641275, upload-time = "2026-09-17T23:23:02.81Z" },
    { url = "https://files.pythonhosted.org/packages/c7/d1/eba72e9d905e84e79aefeefdcc6bc1abe15d9077973566643f4211636966/pandas-3.0.6-cp315-cp315t-musllinux_1_2_aarch64.whl", hash = "sha256:c826e9babb7790142c399f58599d8de679bea059d7b39c5b6efa2096fac37266", size = 11262919, upload-time = "2026-09-17T23:23:06.038Z" },
    { url = "https://files.pythonhosted.org/packages/9d/8a/1c5bd2642b450e374b6191189f47c49538fe41f82348a66de6f647e6ab59/pandas-3.0.6-cp315-cp315t-musllinux_1_2_x86_64.whl", hash = "sha256:8fe77b408d82e2615674dfed62533b95e18a03610573877422aada4f625d4947", size = 11709148, upload-time = "2026-09-17T23:23:09.082Z" },
    { url = "https://files.pythonhosted.org/packages/73/3d/1b142bd0d0f1326a5d98c91c955b923cd1e06b5eecb428cd9d8817fa01c0/pandas-3.0.6-cp315-cp315t-win_amd64.whl", hash = "sha256:83e91d15738d7783c050197cef2f2cf82fc6353dae9865aa87ed1fa16aa4d55a", size = 10161518, upload-time = "2026-09-17T23:23:12.365Z" },
    { url = "https://files.pythonhosted.org/packages/0b/a3/6419c14da2adc1f09a6a183b8f91d7494d325b287f4ca984ac04f663638a/pandas-3.0.6-cp315-cp315t-win_arm64.whl", hash = "sha256:963ca21199097a84c7827c4678b04e30833084fbf8ef44fde3fa7180a29f8fa0", size = 9364529, upload-time = "2026-09-17T23:23:15.274Z" },
]

[[package]]
name = "python-dateutil"
version = "2.9.0.post0"
source = { registry = "https://pypi.org/simple" }
dependencies = [
    { name = "six" },
]
sdist = { url = "https://files.pythonhosted.org/packages/66/c0/0c8b6ad9f17a802ee498c46e004a0eb49bc148f2fd230864601a86dcf6db/python-dateutil-2.9.0.post0.tar.gz", hash = "sha256:37dd54208da7e1cd875388217d5e00ebd4179249f90fb72437e91a35459a0ad3", size = 342432, upload-time = "2024-03-01T18:36:20.211Z" }
wheels = [
    { url = "https://files.pythonhosted.org/packages/ec/57/56b9bcc3c9c6a792fcbaf139543cee77261f3651ca9da0c93f5c1221264b/python_dateutil-2.9.0.post0-py2.py3-none-any.whl", hash = "sha256:a8b2bc7bffae282281c8140a97d3aa9c14da0b136dfe83f850eea9a5f7470427", size = 229892, upload-time = "2024-03-01T18:36:18.57Z" },
]

[[package]]
name = "six"
version = "1.17.0"
source = { registry = "https://pypi.org/simple" }
sdist = { url = "https://files.pythonhosted.org/packages/94/e7/b2c673351809dca68a0e064b6af791aa332cf192da575fd474ed7d6f16a2/six-1.17.0.tar.gz", hash = "sha256:ff70335d468e7eb6ec65b95b99d3a2836546063f63acc5171de367e834932a81", size = 34031, upload-time = "2024-12-04T17:35:28.174Z" }
wheels = [
    { url = "https://files.pythonhosted.org/packages/b7/ce/149a00dd41f10bc29e5921b496af8b574d8413afcd5e30dfa0ed46c2cc5e/six-1.17.0-py2.py3-none-any.whl", hash = "sha256:4721f391ed90541fddacab5acf947aa0d3dc7d27b2e1e8eda2be8970586c3274", size = 11050, upload-time = "2024-12-04T17:35:26.475Z" },
]

[[package]]
name = "tzdata"
version = "2026.4"
source = { registry = "https://pypi.org/simple" }
sdist = { url = "https://files.pythonhosted.org/packages/e4/31/3d74fa778a63b98b7374323befcc0be5ab3bd94afd4096a0124e7379152c/tzdata-2026.4.tar.gz", hash = "sha256:f1b8bd365d8d210c55353f4d7f8d6d8561c0ba50d704b700d195a9424bba0d79", size = 199350, upload-time = "2026-09-12T12:56:03.251Z" }
wheels = [
    { url = "https://files.pythonhosted.org/packages/f9/bc/8737e8d54cf51106118039b83f485a4783112fab49ea9d044b234978a46e/tzdata-2026.4-py2.py3-none-any.whl", hash = "sha256:c2169a8b0a7a5e9674da5a135ccdfb2b3e671b333ed9fed17b41f73c34476e81", size = 347494, upload-time = "2026-09-12T12:56:01.67Z" },
]
